
Microsoft Visual Studio Solution File, Format Version 12.00
# Visual Studio Version 17
VisualStudioVersion = 17.0.31912.275
MinimumVisualStudioVersion = 10.0.40219.1
Project("{FAE04EC0-301F-11D3-BF4B-00C04F79EFBC}") = "UnitOfWork", "UnitOfWork\UnitOfWork.csproj", "{BD97DF04-FC12-46D3-B6B5-131D679D0ACF}"
EndProject
Global
	GlobalSection(SolutionConfigurationPlatforms) = preSolution
		Debug|Any CPU = Debug|Any CPU
		Release|Any CPU = Release|Any CPU
	EndGlobalSection
	GlobalSection(ProjectConfigurationPlatforms) = postSolution
		{BD97DF04-FC12-46D3-B6B5-131D679D0ACF}.Debug|Any CPU.ActiveCfg = Debug|Any CPU
		{BD97DF04-FC12-46D3-B6B5-131D679D0ACF}.Debug|Any CPU.Build.0 = Debug|Any CPU
		{BD97DF04-FC12-46D3-B6B5-131D679D0ACF}.Release|Any CPU.ActiveCfg = Release|Any CPU
		{BD97DF04-FC12-46D3-B6B5-131D679D0ACF}.Release|Any CPU.Build.0 = Release|Any CPU
	EndGlobalSection
	GlobalSection(SolutionProperties) = preSolution
		HideSolutionNode = FALSE
	EndGlobalSection
	GlobalSection(ExtensibilityGlobals) = postSolution
		SolutionGuid = {BF1B6725-18A0-491E-96F6-012B2CC86B39}
	EndGlobalSection
EndGlobal
